// !$*UTF8*$!
{
	archiveVersion = 1;
	classes = {
	};
	objectVersion = 46;
	objects = {

/* Begin PBXBuildFile section */
		568ECDD81E2F6B7F009269DF /* main.m in Sources */ = {isa = PBXBuildFile; fileRef = 568ECDD71E2F6B7F009269DF /* main.m */; };
		568ECDDB1E2F6B7F009269DF /* AppDelegate.m in Sources */ = {isa = PBXBuildFile; fileRef = 568ECDDA1E2F6B7F009269DF /* AppDelegate.m */; };
		568ECDDE1E2F6B7F009269DF /* ViewController.m in Sources */ = {isa = PBXBuildFile; fileRef = 568ECDDD1E2F6B7F009269DF /* ViewController.m */; };
		568ECDE11E2F6B7F009269DF /* Main.storyboard in Resources */ = {isa = PBXBuildFile; fileRef = 568ECDDF1E2F6B7F009269DF /* Main.storyboard */; };
		568ECDE31E2F6B7F009269DF /* Assets.xcassets in Resources */ = {isa = PBXBuildFile; fileRef = 568ECDE21E2F6B7F009269DF /* Assets.xcassets */; };
		568ECDE61E2F6B7F009269DF /* LaunchScreen.storyboard in Resources */ = {isa = PBXBuildFile; fileRef = 568ECDE41E2F6B7F009269DF /* LaunchScreen.storyboard */; };
/* End PBXBuildFile section */

/* Begin PBXFileReference section */
		568ECDD31E2F6B7F009269DF /* TapChallengeHomeExercice.app */ = {isa = PBXFileReference; explicitFileType = wrapper.application; includeInIndex = 0; path = TapChallengeHomeExercice.app; sourceTree = BUILT_PRODUCTS_DIR; };
		568ECDD71E2F6B7F009269DF /* main.m */ = {isa = PBXFileReference; lastKnownFileType = sourcecode.c.objc; path = main.m; sourceTree = "<group>"; };
		568ECDD91E2F6B7F009269DF /* AppDelegate.h */ = {isa = PBXFileReference; lastKnownFileType = sourcecode.c.h; path = AppDelegate.h; sourceTree = "<group>"; };
		568ECDDA1E2F6B7F009269DF /* AppDelegate.m */ = {isa = PBXFileReference; lastKnownFileType = sourcecode.c.objc; path = AppDelegate.m; sourceTree = "<group>"; };
		568ECDDC1E2F6B7F009269DF /* ViewController.h */ = {isa = PBXFileReference; lastKnownFileType = sourcecode.c.h; path = ViewController.h; sourceTree = "<group>"; };
		568ECDDD1E2F6B7F009269DF /* ViewController.m */ = {isa = PBXFileReference; lastKnownFileType = sourcecode.c.objc; path = ViewController.m; sourceTree = "<group>"; };
		568ECDE01E2F6B7F009269DF /* Base */ = {isa = PBXFileReference; lastKnownFileType = file.storyboard; name = Base; path = Base.lproj/Main.storyboard; sourceTree = "<group>"; };
		568ECDE21E2F6B7F009269DF /* Assets.xcassets */ = {isa = PBXFileReference; lastKnownFileType = folder.assetcatalog; path = Assets.xcassets; sourceTree = "<group>"; };
		568ECDE51E2F6B7F009269DF /* Base */ = {isa = PBXFileReference; lastKnownFileType = file.storyboard; name = Base; path = Base.lproj/LaunchScreen.storyboard; sourceTree = "<group>"; };
		568ECDE71E2F6B7F009269DF /* Info.plist */ = {isa = PBXFileReference; lastKnownFileType = text.plist.xml; path = Info.plist; sourceTree = "<group>"; };
/* End PBXFileReference section */

/* Begin PBXFrameworksBuildPhase section */
		568ECDD01E2F6B7F009269DF /* Frameworks */ = {
			isa = PBXFrameworksBuildPhase;
			buildActionMask = 2147483647;
			files = (
			);
			runOnlyForDeploymentPostprocessing = 0;
		};
/* End PBXFrameworksBuildPhase section */

/* Begin PBXGroup section */
		568ECDCA1E2F6B7F009269DF = {
			isa = PBXGroup;
			children = (
				568ECDD51E2F6B7F009269DF /* TapChallengeHomeExercice */,
				568ECDD41E2F6B7F009269DF /* Products */,
			);
			sourceTree = "<group>";
		};
		568ECDD41E2F6B7F009269DF /* Products */ = {
			isa = PBXGroup;
			children = (
				568ECDD31E2F6B7F009269DF /* TapChallengeHomeExercice.app */,
			);
			name = Products;
			sourceTree = "<group>";
		};
		568ECDD51E2F6B7F009269DF /* TapChallengeHomeExercice */ = {
			isa = PBXGroup;
			children = (
				568ECDD91E2F6B7F009269DF /* AppDelegate.h */,
				568ECDDA1E2F6B7F009269DF /* AppDelegate.m */,
				568ECDDC1E2F6B7F009269DF /* ViewController.h */,
				568ECDDD1E2F6B7F009269DF /* ViewController.m */,
				568ECDDF1E2F6B7F009269DF /* Main.storyboard */,
				568ECDE21E2F6B7F009269DF /* Assets.xcassets */,
				568ECDE41E2F6B7F009269DF /* LaunchScreen.storyboard */,
				568ECDE71E2F6B7F009269DF /* Info.plist */,
				568ECDD61E2F6B7F009269DF /* Supporting Files */,
			);
			path = TapChallengeHomeExercice;
			sourceTree = "<group>";
		};
		568ECDD61E2F6B7F009269DF /* Supporting Files */ = {
			isa = PBXGroup;
			children = (
				568ECDD71E2F6B7F009269DF /* main.m */,
			);
			name = "Supporting Files";
			sourceTree = "<group>";
		};
/* End PBXGroup section */

/* Begin PBXNativeTarget section */
		568ECDD21E2F6B7F009269DF /* TapChallengeHomeExercice */ = {
			isa = PBXNativeTarget;
			buildConfigurationList = 568ECDEA1E2F6B7F009269DF /* Build configuration list for PBXNativeTarget "TapChallengeHomeExercice" */;
			buildPhases = (
				568ECDCF1E2F6B7F009269DF /* Sources */,
				568ECDD01E2F6B7F009269DF /* Frameworks */,
				568ECDD11E2F6B7F009269DF /* Resources */,
			);
			buildRules = (
			);
			dependencies = (
			);
			name = TapChallengeHomeExercice;
			productName = TapChallengeHomeExercice;
			productReference = 568ECDD31E2F6B7F009269DF /* TapChallengeHomeExercice.app */;
			productType = "com.apple.product-type.application";
		};
/* End PBXNativeTarget section */

/* Begin PBXProject section */
		568ECDCB1E2F6B7F009269DF /* Project object */ = {
			isa = PBXProject;
			attributes = {
				LastUpgradeCheck = 0820;
				ORGANIZATIONNAME = "Mariana Anitoiu";
				TargetAttributes = {
					568ECDD21E2F6B7F009269DF = {
						CreatedOnToolsVersion = 8.2;
						ProvisioningStyle = Automatic;
					};
				};
			};
			buildConfigurationList = 568ECDCE1E2F6B7F009269DF /* Build configuration list for PBXProject "TapChallengeHomeExercice" */;
			compatibilityVersion = "Xcode 3.2";
			developmentRegion = English;
			hasScannedForEncodings = 0;
			knownRegions = (
				en,
				Base,
			);
			mainGroup = 568ECDCA1E2F6B7F009269DF;
			productRefGroup = 568ECDD41E2F6B7F009269DF /* Products */;
			projectDirPath = "";
			projectRoot = "";
			targets = (
				568ECDD21E2F6B7F009269DF /* TapChallengeHomeExercice */,
			);
		};
/* End PBXProject section */

/* Begin PBXResourcesBuildPhase section */
		568ECDD11E2F6B7F009269DF /* Resources */ = {
			isa = PBXResourcesBuildPhase;
			buildActionMask = 2147483647;
			files = (
				568ECDE61E2F6B7F009269DF /* LaunchScreen.storyboard in Resources */,
				568ECDE31E2F6B7F009269DF /* Assets.xcassets in Resources */,
				568ECDE11E2F6B7F009269DF /* Main.storyboard in Resources */,
			);
			runOnlyForDeploymentPostprocessing = 0;
		};
/* End PBXResourcesBuildPhase section */

/* Begin PBXSourcesBuildPhase section */
		568ECDCF1E2F6B7F009269DF /* Sources */ = {
			isa = PBXSourcesBuildPhase;
			buildActionMask = 2147483647;
			files = (
				568ECDDE1E2F6B7F009269DF /* ViewController.m in Sources */,
				568ECDDB1E2F6B7F009269DF /* AppDelegate.m in Sources */,
				568ECDD81E2F6B7F009269DF /* main.m in Sources */,
			);
			runOnlyForDeploymentPostprocessing = 0;
		};
/* End PBXSourcesBuildPhase section */

/* Begin PBXVariantGroup section */
		568ECDDF1E2F6B7F009269DF /* Main.storyboard */ = {
			isa = PBXVariantGroup;
			children = (
				568ECDE01E2F6B7F009269DF /* Base */,
			);
			name = Main.storyboard;
			sourceTree = "<group>";
		};
		568ECDE41E2F6B7F009269DF /* LaunchScreen.storyboard */ = {
			isa = PBXVariantGroup;
			children = (
				568ECDE51E2F6B7F009269DF /* Base */,
			);
			name = LaunchScreen.storyboard;
			sourceTree = "<group>";
		};
/* End PBXVariantGroup section */

/* Begin XCBuildConfiguration section */
		568ECDE81E2F6B7F009269DF /* Debug */ = {
			isa = XCBuildConfiguration;
			buildSettings = {
				ALWAYS_SEARCH_USER_PATHS = NO;
				CLANG_ANALYZER_NONNULL = YES;
				CLANG_CXX_LANGUAGE_STANDARD = "gnu++0x";
				CLANG_CXX_LIBRARY = "libc++";
				CLANG_ENABLE_MODULES = YES;
				CLANG_ENABLE_OBJC_ARC = YES;
				CLANG_WARN_BOOL_CONVERSION = YES;
				CLANG_WARN_CONSTANT_CONVERSION = YES;
				CLANG_WARN_DIRECT_OBJC_ISA_USAGE = YES_ERROR;
				CLANG_WARN_DOCUMENTATION_COMMENTS = YES;
				CLANG_WARN_EMPTY_BODY = YES;
				CLANG_WARN_ENUM_CONVERSION = YES;
				CLANG_WARN_INFINITE_RECURSION = YES;
				CLANG_WARN_INT_CONVERSION = YES;
				CLANG_WARN_OBJC_ROOT_CLASS = YES_ERROR;
				CLANG_WARN_SUSPICIOUS_MOVE = YES;
				CLANG_WARN_UNREACHABLE_CODE = YES;
				CLANG_WARN__DUPLICATE_METHOD_MATCH = YES;
				"CODE_SIGN_IDENTITY[sdk=iphoneos*]" = "iPhone Developer";
				COPY_PHASE_STRIP = NO;
				DEBUG_INFORMATION_FORMAT = dwarf;
				ENABLE_STRICT_OBJC_MSGSEND = YES;
				ENABLE_TESTABILITY = YES;
				GCC_C_LANGUAGE_STANDARD = gnu99;
				GCC_DYNAMIC_NO_PIC = NO;
				GCC_NO_COMMON_BLOCKS = YES;
				GCC_OPTIMIZATION_LEVEL = 0;
				GCC_PREPROCESSOR_DEFINITIONS = (
					"DEBUG=1",
					"$(inherited)",
				);
				GCC_WARN_64_TO_32_BIT_CONVERSION = YES;
				GCC_WARN_ABOUT_RETURN_TYPE = YES_ERROR;
				GCC_WARN_UNDECLARED_SELECTOR = YES;
				GCC_WARN_UNINITIALIZED_AUTOS = YES_AGGRESSIVE;
				GCC_WARN_UNUSED_FUNCTION = YES;
				GCC_WARN_UNUSED_VARIABLE = YES;
				IPHONEOS_DEPLOYMENT_TARGET = 10.2;
				MTL_ENABLE_DEBUG_INFO = YES;
				ONLY_ACTIVE_ARCH = YES;
				SDKROOT = iphoneos;
			};
			name = Debug;
		};
		568ECDE91E2F6B7F009269DF /* Release */ = {
			isa = XCBuildConfiguration;
			buildSettings = {
				ALWAYS_SEARCH_USER_PATHS = NO;
				CLANG_ANALYZER_NONNULL = YES;
				CLANG_CXX_LANGUAGE_STANDARD = "gnu++0x";
				CLANG_CXX_LIBRARY = "libc++";
				CLANG_ENABLE_MODULES = YES;
				CLANG_ENABLE_OBJC_ARC = YES;
				CLANG_WARN_BOOL_CONVERSION = YES;
				CLANG_WARN_CONSTANT_CONVERSION = YES;
				CLANG_WARN_DIRECT_OBJC_ISA_USAGE = YES_ERROR;
				CLANG_WARN_DOCUMENTATION_COMMENTS = YES;
				CLANG_WARN_EMPTY_BODY = YES;
				CLANG_WARN_ENUM_CONVERSION = YES;
				CLANG_WARN_INFINITE_RECURSION = YES;
				CLANG_WARN_INT_CONVERSION = YES;
				CLANG_WARN_OBJC_ROOT_CLASS = YES_ERROR;
				CLANG_WARN_SUSPICIOUS_MOVE = YES;
				CLANG_WARN_UNREACHABLE_CODE = YES;
				CLANG_WARN__DUPLICATE_METHOD_MATCH = YES;
				"CODE_SIGN_IDENTITY[sdk=iphoneos*]" = "iPhone Developer";
				COPY_PHASE_STRIP = NO;
				DEBUG_INFORMATION_FORMAT = "dwarf-with-dsym";
				ENABLE_NS_ASSERTIONS = NO;
				ENABLE_STRICT_OBJC_MSGSEND = YES;
				GCC_C_LANGUAGE_STANDARD = gnu99;
				GCC_NO_COMMON_BLOCKS = YES;
				GCC_WARN_64_TO_32_BIT_CONVERSION = YES;
				GCC_WARN_ABOUT_RETURN_TYPE = YES_ERROR;
				GCC_WARN_UNDECLARED_SELECTOR = YES;
				GCC_WARN_UNINITIALIZED_AUTOS = YES_AGGRESSIVE;
				GCC_WARN_UNUSED_FUNCTION = YES;
				GCC_WARN_UNUSED_VARIABLE = YES;
				IPHONEOS_DEPLOYMENT_TARGET = 10.2;
				MTL_ENABLE_DEBUG_INFO = NO;
				SDKROOT = iphoneos;
				VALIDATE_PRODUCT = YES;
			};
			name = Release;
		};
		568ECDEB1E2F6B7F009269DF /* Debug */ = {
			isa = XCBuildConfiguration;
			buildSettings = {
				ASSETCATALOG_COMPILER_APPICON_NAME = AppIcon;
				INFOPLIST_FILE = TapChallengeHomeExercice/Info.plist;
				LD_RUNPATH_SEARCH_PATHS = "$(inherited) @executable_path/Frameworks";
				PRODUCT_BUNDLE_IDENTIFIER = com.mariana.TapChallengeHomeExercice;
				PRODUCT_NAME = "$(TARGET_NAME)";
			};
			name = Debug;
		};
		568ECDEC1E2F6B7F009269DF /* Release */ = {
			isa = XCBuildConfiguration;
			buildSettings = {
				ASSETCATALOG_COMPILER_APPICON_NAME = AppIcon;
				INFOPLIST_FILE = TapChallengeHomeExercice/Info.plist;
				LD_RUNPATH_SEARCH_PATHS = "$(inherited) @executable_path/Frameworks";
				PRODUCT_BUNDLE_IDENTIFIER = com.mariana.TapChallengeHomeExercice;
				PRODUCT_NAME = "$(TARGET_NAME)";
			};
			name = Release;
		};
/* End XCBuildConfiguration section */

/* Begin XCConfigurationList section */
		568ECDCE1E2F6B7F009269DF /* Build configuration list for PBXProject "TapChallengeHomeExercice" */ = {
			isa = XCConfigurationList;
			buildConfigurations = (
				568ECDE81E2F6B7F009269DF /* Debug */,
				568ECDE91E2F6B7F009269DF /* Release */,
			);
			defaultConfigurationIsVisible = 0;
			defaultConfigurationName = Release;
		};
		568ECDEA1E2F6B7F009269DF /* Build configuration list for PBXNativeTarget "TapChallengeHomeExercice" */ = {
			isa = XCConfigurationList;
			buildConfigurations = (
				568ECDEB1E2F6B7F009269DF /* Debug */,
				568ECDEC1E2F6B7F009269DF /* Release */,
			);
			defaultConfigurationIsVisible = 0;
		};
/* End XCConfigurationList section */
	};
	rootObject = 568ECDCB1E2F6B7F009269DF /* Project object */;
}
